DEPENDENCIES
  apache2 (= 5.0.1)
  apt (= 6.1.4)
  build-essential (= 8.0.4)
  git (= 8.0.1)
  homebrew (= 4.3.0)
  mysql (= 8.5.1)
  php (= 4.6.0)
  sudo (= 4.0.0)
  users (= 5.3.1)
  vim (= 2.0.2)
  yum-epel (= 2.1.2)

GRAPH
  apache2 (5.0.1)
  apt (6.1.4)
  build-essential (8.0.4)
    mingw (>= 1.1)
    seven_zip (>= 0.0.0)
  compat_resource (12.19.1)
  git (8.0.1)
    build-essential (>= 0.0.0)
    homebrew (>= 0.0.0)
  homebrew (4.3.0)
  mingw (2.0.1)
    seven_zip (>= 0.0.0)
  mysql (8.5.1)
  ohai (5.2.1)
  php (4.6.0)
    build-essential (>= 0.0.0)
    mysql (>= 6.0.0)
    yum-epel (>= 0.0.0)
  seven_zip (2.0.2)
    windows (>= 1.2.2)
  sudo (4.0.0)
  users (5.3.1)
  vim (2.0.2)
  windows (3.4.4)
    ohai (>= 4.0.0)
  yum-epel (2.1.2)
    compat_resource (>= 12.16.3)
